// !$*UTF8*$!
{
	archiveVersion = 1;
	classes = {
	};
	objectVersion = 50;
	objects = {

/* Begin PBXBuildFile section */
		8E5DE04C22D5D6000081C3AC /* AppDelegate.swift in Sources */ = {isa = PBXBuildFile; fileRef = 8E5DE04B22D5D6000081C3AC /* AppDelegate.swift */; };
		8E5DE04E22D5D6000081C3AC /* SceneDelegate.swift in Sources */ = {isa = PBXBuildFile; fileRef = 8E5DE04D22D5D6000081C3AC /* SceneDelegate.swift */; };
		8E5DE05022D5D6000081C3AC /* ViewController.swift in Sources */ = {isa = PBXBuildFile; fileRef = 8E5DE04F22D5D6000081C3AC /* ViewController.swift */; };
		8E5DE05322D5D6000081C3AC /* Main.storyboard in Resources */ = {isa = PBXBuildFile; fileRef = 8E5DE05122D5D6000081C3AC /* Main.storyboard */; };
		8E5DE05622D5D6000081C3AC /* CICDDemo.xcdatamodeld in Sources */ = {isa = PBXBuildFile; fileRef = 8E5DE05422D5D6000081C3AC /* CICDDemo.xcdatamodeld */; };
		8E5DE05822D5D6020081C3AC /* Assets.xcassets in Resources */ = {isa = PBXBuildFile; fileRef = 8E5DE05722D5D6020081C3AC /* Assets.xcassets */; };
		8E5DE05B22D5D6020081C3AC /* LaunchScreen.storyboard in Resources */ = {isa = PBXBuildFile; fileRef = 8E5DE05922D5D6020081C3AC /* LaunchScreen.storyboard */; };
		8E5DE06622D5D6020081C3AC /* CICDDemoTests.swift in Sources */ = {isa = PBXBuildFile; fileRef = 8E5DE06522D5D6020081C3AC /* CICDDemoTests.swift */; };
		8E5DE07122D5D6020081C3AC /* CICDDemoUITests.swift in Sources */ = {isa = PBXBuildFile; fileRef = 8E5DE07022D5D6020081C3AC /* CICDDemoUITests.swift */; };
/* End PBXBuildFile section */

/* Begin PBXContainerItemProxy section */
		8E5DE06222D5D6020081C3AC /* PBXContainerItemProxy */ = {
			isa = PBXContainerItemProxy;
			containerPortal = 8E5DE04022D5D6000081C3AC /* Project object */;
			proxyType = 1;
			remoteGlobalIDString = 8E5DE04722D5D6000081C3AC;
			remoteInfo = CICDDemo;
		};
		8E5DE06D22D5D6020081C3AC /* PBXContainerItemProxy */ = {
			isa = PBXContainerItemProxy;
			containerPortal = 8E5DE04022D5D6000081C3AC /* Project object */;
			proxyType = 1;
			remoteGlobalIDString = 8E5DE04722D5D6000081C3AC;
			remoteInfo = CICDDemo;
		};
/* End PBXContainerItemProxy section */

/* Begin PBXFileReference section */
		8E5DE04822D5D6000081C3AC /* CICDDemo.app */ = {isa = PBXFileReference; explicitFileType = wrapper.application; includeInIndex = 0; path = CICDDemo.app; sourceTree = BUILT_PRODUCTS_DIR; };
		8E5DE04B22D5D6000081C3AC /* AppDelegate.swift */ = {isa = PBXFileReference; lastKnownFileType = sourcecode.swift; path = AppDelegate.swift; sourceTree = "<group>"; };
		8E5DE04D22D5D6000081C3AC /* SceneDelegate.swift */ = {isa = PBXFileReference; lastKnownFileType = sourcecode.swift; path = SceneDelegate.swift; sourceTree = "<group>"; };
		8E5DE04F22D5D6000081C3AC /* ViewController.swift */ = {isa = PBXFileReference; lastKnownFileType = sourcecode.swift; path = ViewController.swift; sourceTree = "<group>"; };
		8E5DE05222D5D6000081C3AC /* Base */ = {isa = PBXFileReference; lastKnownFileType = file.storyboard; name = Base; path = Base.lproj/Main.storyboard; sourceTree = "<group>"; };
		8E5DE05522D5D6000081C3AC /* CICDDemo.xcdatamodel */ = {isa = PBXFileReference; lastKnownFileType = wrapper.xcdatamodel; path = CICDDemo.xcdatamodel; sourceTree = "<group>"; };
		8E5DE05722D5D6020081C3AC /* Assets.xcassets */ = {isa = PBXFileReference; lastKnownFileType = folder.assetcatalog; path = Assets.xcassets; sourceTree = "<group>"; };
		8E5DE05A22D5D6020081C3AC /* Base */ = {isa = PBXFileReference; lastKnownFileType = file.storyboard; name = Base; path = Base.lproj/LaunchScreen.storyboard; sourceTree = "<group>"; };
		8E5DE05C22D5D6020081C3AC /* Info.plist */ = {isa = PBXFileReference; lastKnownFileType = text.plist.xml; path = Info.plist; sourceTree = "<group>"; };
		8E5DE06122D5D6020081C3AC /* CICDDemoTests.xctest */ = {isa = PBXFileReference; explicitFileType = wrapper.cfbundle; includeInIndex = 0; path = CICDDemoTests.xctest; sourceTree = BUILT_PRODUCTS_DIR; };
		8E5DE06522D5D6020081C3AC /* CICDDemoTests.swift */ = {isa = PBXFileReference; lastKnownFileType = sourcecode.swift; path = CICDDemoTests.swift; sourceTree = "<group>"; };
		8E5DE06722D5D6020081C3AC /* Info.plist */ = {isa = PBXFileReference; lastKnownFileType = text.plist.xml; path = Info.plist; sourceTree = "<group>"; };
		8E5DE06C22D5D6020081C3AC /* CICDDemoUITests.xctest */ = {isa = PBXFileReference; explicitFileType = wrapper.cfbundle; includeInIndex = 0; path = CICDDemoUITests.xctest; sourceTree = BUILT_PRODUCTS_DIR; };
		8E5DE07022D5D6020081C3AC /* CICDDemoUITests.swift */ = {isa = PBXFileReference; lastKnownFileType = sourcecode.swift; path = CICDDemoUITests.swift; sourceTree = "<group>"; };
		8E5DE07222D5D6020081C3AC /* Info.plist */ = {isa = PBXFileReference; lastKnownFileType = text.plist.xml; path = Info.plist; sourceTree = "<group>"; };
/* End PBXFileReference section */

/* Begin PBXFrameworksBuildPhase section */
		8E5DE04522D5D6000081C3AC /* Frameworks */ = {
			isa = PBXFrameworksBuildPhase;
			buildActionMask = 2147483647;
			files = (
			);
			runOnlyForDeploymentPostprocessing = 0;
		};
		8E5DE05E22D5D6020081C3AC /* Frameworks */ = {
			isa = PBXFrameworksBuildPhase;
			buildActionMask = 2147483647;
			files = (
			);
			runOnlyForDeploymentPostprocessing = 0;
		};
		8E5DE06922D5D6020081C3AC /* Frameworks */ = {
			isa = PBXFrameworksBuildPhase;
			buildActionMask = 2147483647;
			files = (
			);
			runOnlyForDeploymentPostprocessing = 0;
		};
/* End PBXFrameworksBuildPhase section */

/* Begin PBXGroup section */
		8E5DE03F22D5D6000081C3AC = {
			isa = PBXGroup;
			children = (
				8E5DE04A22D5D6000081C3AC /* CICDDemo */,
				8E5DE06422D5D6020081C3AC /* CICDDemoTests */,
				8E5DE06F22D5D6020081C3AC /* CICDDemoUITests */,
				8E5DE04922D5D6000081C3AC /* Products */,
			);
			sourceTree = "<group>";
		};
		8E5DE04922D5D6000081C3AC /* Products */ = {
			isa = PBXGroup;
			children = (
				8E5DE04822D5D6000081C3AC /* CICDDemo.app */,
				8E5DE06122D5D6020081C3AC /* CICDDemoTests.xctest */,
				8E5DE06C22D5D6020081C3AC /* CICDDemoUITests.xctest */,
			);
			name = Products;
			sourceTree = "<group>";
		};
		8E5DE04A22D5D6000081C3AC /* CICDDemo */ = {
			isa = PBXGroup;
			children = (
				8E5DE04B22D5D6000081C3AC /* AppDelegate.swift */,
				8E5DE04D22D5D6000081C3AC /* SceneDelegate.swift */,
				8E5DE04F22D5D6000081C3AC /* ViewController.swift */,
				8E5DE05122D5D6000081C3AC /* Main.storyboard */,
				8E5DE05722D5D6020081C3AC /* Assets.xcassets */,
				8E5DE05922D5D6020081C3AC /* LaunchScreen.storyboard */,
				8E5DE05C22D5D6020081C3AC /* Info.plist */,
				8E5DE05422D5D6000081C3AC /* CICDDemo.xcdatamodeld */,
			);
			path = CICDDemo;
			sourceTree = "<group>";
		};
		8E5DE06422D5D6020081C3AC /* CICDDemoTests */ = {
			isa = PBXGroup;
			children = (
				8E5DE06522D5D6020081C3AC /* CICDDemoTests.swift */,
				8E5DE06722D5D6020081C3AC /* Info.plist */,
			);
			path = CICDDemoTests;
			sourceTree = "<group>";
		};
		8E5DE06F22D5D6020081C3AC /* CICDDemoUITests */ = {
			isa = PBXGroup;
			children = (
				8E5DE07022D5D6020081C3AC /* CICDDemoUITests.swift */,
				8E5DE07222D5D6020081C3AC /* Info.plist */,
			);
			path = CICDDemoUITests;
			sourceTree = "<group>";
		};
/* End PBXGroup section */

/* Begin PBXNativeTarget section */
		8E5DE04722D5D6000081C3AC /* CICDDemo */ = {
			isa = PBXNativeTarget;
			buildConfigurationList = 8E5DE07522D5D6020081C3AC /* Build configuration list for PBXNativeTarget "CICDDemo" */;
			buildPhases = (
				8E5DE04422D5D6000081C3AC /* Sources */,
				8E5DE04522D5D6000081C3AC /* Frameworks */,
				8E5DE04622D5D6000081C3AC /* Resources */,
			);
			buildRules = (
			);
			dependencies = (
			);
			name = CICDDemo;
			productName = CICDDemo;
			productReference = 8E5DE04822D5D6000081C3AC /* CICDDemo.app */;
			productType = "com.apple.product-type.application";
		};
		8E5DE06022D5D6020081C3AC /* CICDDemoTests */ = {
			isa = PBXNativeTarget;
			buildConfigurationList = 8E5DE07822D5D6020081C3AC /* Build configuration list for PBXNativeTarget "CICDDemoTests" */;
			buildPhases = (
				8E5DE05D22D5D6020081C3AC /* Sources */,
				8E5DE05E22D5D6020081C3AC /* Frameworks */,
				8E5DE05F22D5D6020081C3AC /* Resources */,
			);
			buildRules = (
			);
			dependencies = (
				8E5DE06322D5D6020081C3AC /* PBXTargetDependency */,
			);
			name = CICDDemoTests;
			productName = CICDDemoTests;
			productReference = 8E5DE06122D5D6020081C3AC /* CICDDemoTests.xctest */;
			productType = "com.apple.product-type.bundle.unit-test";
		};
		8E5DE06B22D5D6020081C3AC /* CICDDemoUITests */ = {
			isa = PBXNativeTarget;
			buildConfigurationList = 8E5DE07B22D5D6020081C3AC /* Build configuration list for PBXNativeTarget "CICDDemoUITests" */;
			buildPhases = (
				8E5DE06822D5D6020081C3AC /* Sources */,
				8E5DE06922D5D6020081C3AC /* Frameworks */,
				8E5DE06A22D5D6020081C3AC /* Resources */,
			);
			buildRules = (
			);
			dependencies = (
				8E5DE06E22D5D6020081C3AC /* PBXTargetDependency */,
			);
			name = CICDDemoUITests;
			productName = CICDDemoUITests;
			productReference = 8E5DE06C22D5D6020081C3AC /* CICDDemoUITests.xctest */;
			productType = "com.apple.product-type.bundle.ui-testing";
		};
/* End PBXNativeTarget section */

/* Begin PBXProject section */
		8E5DE04022D5D6000081C3AC /* Project object */ = {
			isa = PBXProject;
			attributes = {
				LastSwiftUpdateCheck = 1100;
				LastUpgradeCheck = 1100;
				ORGANIZATIONNAME = "Pallavi Mhaske";
				TargetAttributes = {
					8E5DE04722D5D6000081C3AC = {
						CreatedOnToolsVersion = 11.0;
					};
					8E5DE06022D5D6020081C3AC = {
						CreatedOnToolsVersion = 11.0;
						TestTargetID = 8E5DE04722D5D6000081C3AC;
					};
					8E5DE06B22D5D6020081C3AC = {
						CreatedOnToolsVersion = 11.0;
						TestTargetID = 8E5DE04722D5D6000081C3AC;
					};
				};
			};
			buildConfigurationList = 8E5DE04322D5D6000081C3AC /* Build configuration list for PBXProject "CICDDemo" */;
			compatibilityVersion = "Xcode 9.3";
			developmentRegion = en;
			hasScannedForEncodings = 0;
			knownRegions = (
				en,
				Base,
			);
			mainGroup = 8E5DE03F22D5D6000081C3AC;
			productRefGroup = 8E5DE04922D5D6000081C3AC /* Products */;
			projectDirPath = "";
			projectRoot = "";
			targets = (
				8E5DE04722D5D6000081C3AC /* CICDDemo */,
				8E5DE06022D5D6020081C3AC /* CICDDemoTests */,
				8E5DE06B22D5D6020081C3AC /* CICDDemoUITests */,
			);
		};
/* End PBXProject section */

/* Begin PBXResourcesBuildPhase section */
		8E5DE04622D5D6000081C3AC /* Resources */ = {
			isa = PBXResourcesBuildPhase;
			buildActionMask = 2147483647;
			files = (
				8E5DE05B22D5D6020081C3AC /* LaunchScreen.storyboard in Resources */,
				8E5DE05822D5D6020081C3AC /* Assets.xcassets in Resources */,
				8E5DE05322D5D6000081C3AC /* Main.storyboard in Resources */,
			);
			runOnlyForDeploymentPostprocessing = 0;
		};
		8E5DE05F22D5D6020081C3AC /* Resources */ = {
			isa = PBXResourcesBuildPhase;
			buildActionMask = 2147483647;
			files = (
			);
			runOnlyForDeploymentPostprocessing = 0;
		};
		8E5DE06A22D5D6020081C3AC /* Resources */ = {
			isa = PBXResourcesBuildPhase;
			buildActionMask = 2147483647;
			files = (
			);
			runOnlyForDeploymentPostprocessing = 0;
		};
/* End PBXResourcesBuildPhase section */

/* Begin PBXSourcesBuildPhase section */
		8E5DE04422D5D6000081C3AC /* Sources */ = {
			isa = PBXSourcesBuildPhase;
			buildActionMask = 2147483647;
			files = (
				8E5DE05022D5D6000081C3AC /* ViewController.swift in Sources */,
				8E5DE05622D5D6000081C3AC /* CICDDemo.xcdatamodeld in Sources */,
				8E5DE04C22D5D6000081C3AC /* AppDelegate.swift in Sources */,
				8E5DE04E22D5D6000081C3AC /* SceneDelegate.swift in Sources */,
			);
			runOnlyForDeploymentPostprocessing = 0;
		};
		8E5DE05D22D5D6020081C3AC /* Sources */ = {
			isa = PBXSourcesBuildPhase;
			buildActionMask = 2147483647;
			files = (
				8E5DE06622D5D6020081C3AC /* CICDDemoTests.swift in Sources */,
			);
			runOnlyForDeploymentPostprocessing = 0;
		};
		8E5DE06822D5D6020081C3AC /* Sources */ = {
			isa = PBXSourcesBuildPhase;
			buildActionMask = 2147483647;
			files = (
				8E5DE07122D5D6020081C3AC /* CICDDemoUITests.swift in Sources */,
			);
			runOnlyForDeploymentPostprocessing = 0;
		};
/* End PBXSourcesBuildPhase section */

/* Begin PBXTargetDependency section */
		8E5DE06322D5D6020081C3AC /* PBXTargetDependency */ = {
			isa = PBXTargetDependency;
			target = 8E5DE04722D5D6000081C3AC /* CICDDemo */;
			targetProxy = 8E5DE06222D5D6020081C3AC /* PBXContainerItemProxy */;
		};
		8E5DE06E22D5D6020081C3AC /* PBXTargetDependency */ = {
			isa = PBXTargetDependency;
			target = 8E5DE04722D5D6000081C3AC /* CICDDemo */;
			targetProxy = 8E5DE06D22D5D6020081C3AC /* PBXContainerItemProxy */;
		};
/* End PBXTargetDependency section */

/* Begin PBXVariantGroup section */
		8E5DE05122D5D6000081C3AC /* Main.storyboard */ = {
			isa = PBXVariantGroup;
			children = (
				8E5DE05222D5D6000081C3AC /* Base */,
			);
			name = Main.storyboard;
			sourceTree = "<group>";
		};
		8E5DE05922D5D6020081C3AC /* LaunchScreen.storyboard */ = {
			isa = PBXVariantGroup;
			children = (
				8E5DE05A22D5D6020081C3AC /* Base */,
			);
			name = LaunchScreen.storyboard;
			sourceTree = "<group>";
		};
/* End PBXVariantGroup section */

/* Begin XCBuildConfiguration section */
		8E5DE07322D5D6020081C3AC /* Debug */ = {
			isa = XCBuildConfiguration;
			buildSettings = {
				ALWAYS_SEARCH_USER_PATHS = NO;
				CLANG_ANALYZER_NONNULL = YES;
				CLANG_ANALYZER_NUMBER_OBJECT_CONVERSION = YES_AGGRESSIVE;
				CLANG_CXX_LANGUAGE_STANDARD = "gnu++14";
				CLANG_CXX_LIBRARY = "libc++";
				CLANG_ENABLE_MODULES = YES;
				CLANG_ENABLE_OBJC_ARC = YES;
				CLANG_ENABLE_OBJC_WEAK = YES;
				CLANG_WARN_BLOCK_CAPTURE_AUTORELEASING = YES;
				CLANG_WARN_BOOL_CONVERSION = YES;
				CLANG_WARN_COMMA = YES;
				CLANG_WARN_CONSTANT_CONVERSION = YES;
				CLANG_WARN_DEPRECATED_OBJC_IMPLEMENTATIONS = YES;
				CLANG_WARN_DIRECT_OBJC_ISA_USAGE = YES_ERROR;
				CLANG_WARN_DOCUMENTATION_COMMENTS = YES;
				CLANG_WARN_EMPTY_BODY = YES;
				CLANG_WARN_ENUM_CONVERSION = YES;
				CLANG_WARN_INFINITE_RECURSION = YES;
				CLANG_WARN_INT_CONVERSION = YES;
				CLANG_WARN_NON_LITERAL_NULL_CONVERSION = YES;
				CLANG_WARN_OBJC_IMPLICIT_RETAIN_SELF = YES;
				CLANG_WARN_OBJC_LITERAL_CONVERSION = YES;
				CLANG_WARN_OBJC_ROOT_CLASS = YES_ERROR;
				CLANG_WARN_RANGE_LOOP_ANALYSIS = YES;
				CLANG_WARN_STRICT_PROTOTYPES = YES;
				CLANG_WARN_SUSPICIOUS_MOVE = YES;
				CLANG_WARN_UNGUARDED_AVAILABILITY = YES_AGGRESSIVE;
				CLANG_WARN_UNREACHABLE_CODE = YES;
				CLANG_WARN__DUPLICATE_METHOD_MATCH = YES;
				COPY_PHASE_STRIP = NO;
				DEBUG_INFORMATION_FORMAT = dwarf;
				ENABLE_STRICT_OBJC_MSGSEND = YES;
				ENABLE_TESTABILITY = YES;
				GCC_C_LANGUAGE_STANDARD = gnu11;
				GCC_DYNAMIC_NO_PIC = NO;
				GCC_NO_COMMON_BLOCKS = YES;
				GCC_OPTIMIZATION_LEVEL = 0;
				GCC_PREPROCESSOR_DEFINITIONS = (
					"DEBUG=1",
					"$(inherited)",
				);
				GCC_WARN_64_TO_32_BIT_CONVERSION = YES;
				GCC_WARN_ABOUT_RETURN_TYPE = YES_ERROR;
				GCC_WARN_UNDECLARED_SELECTOR = YES;
				GCC_WARN_UNINITIALIZED_AUTOS = YES_AGGRESSIVE;
				GCC_WARN_UNUSED_FUNCTION = YES;
				GCC_WARN_UNUSED_VARIABLE = YES;
				IPHONEOS_DEPLOYMENT_TARGET = 13.0;
				MTL_ENABLE_DEBUG_INFO = INCLUDE_SOURCE;
				MTL_FAST_MATH = YES;
				ONLY_ACTIVE_ARCH = YES;
				SDKROOT = iphoneos;
				SWIFT_ACTIVE_COMPILATION_CONDITIONS = DEBUG;
				SWIFT_OPTIMIZATION_LEVEL = "-Onone";
			};
			name = Debug;
		};
		8E5DE07422D5D6020081C3AC /* Release */ = {
			isa = XCBuildConfiguration;
			buildSettings = {
				ALWAYS_SEARCH_USER_PATHS = NO;
				CLANG_ANALYZER_NONNULL = YES;
				CLANG_ANALYZER_NUMBER_OBJECT_CONVERSION = YES_AGGRESSIVE;
				CLANG_CXX_LANGUAGE_STANDARD = "gnu++14";
				CLANG_CXX_LIBRARY = "libc++";
				CLANG_ENABLE_MODULES = YES;
				CLANG_ENABLE_OBJC_ARC = YES;
				CLANG_ENABLE_OBJC_WEAK = YES;
				CLANG_WARN_BLOCK_CAPTURE_AUTORELEASING = YES;
				CLANG_WARN_BOOL_CONVERSION = YES;
				CLANG_WARN_COMMA = YES;
				CLANG_WARN_CONSTANT_CONVERSION = YES;
				CLANG_WARN_DEPRECATED_OBJC_IMPLEMENTATIONS = YES;
				CLANG_WARN_DIRECT_OBJC_ISA_USAGE = YES_ERROR;
				CLANG_WARN_DOCUMENTATION_COMMENTS = YES;
				CLANG_WARN_EMPTY_BODY = YES;
				CLANG_WARN_ENUM_CONVERSION = YES;
				CLANG_WARN_INFINITE_RECURSION = YES;
				CLANG_WARN_INT_CONVERSION = YES;
				CLANG_WARN_NON_LITERAL_NULL_CONVERSION = YES;
				CLANG_WARN_OBJC_IMPLICIT_RETAIN_SELF = YES;
				CLANG_WARN_OBJC_LITERAL_CONVERSION = YES;
				CLANG_WARN_OBJC_ROOT_CLASS = YES_ERROR;
				CLANG_WARN_RANGE_LOOP_ANALYSIS = YES;
				CLANG_WARN_STRICT_PROTOTYPES = YES;
				CLANG_WARN_SUSPICIOUS_MOVE = YES;
				CLANG_WARN_UNGUARDED_AVAILABILITY = YES_AGGRESSIVE;
				CLANG_WARN_UNREACHABLE_CODE = YES;
				CLANG_WARN__DUPLICATE_METHOD_MATCH = YES;
				COPY_PHASE_STRIP = NO;
				DEBUG_INFORMATION_FORMAT = "dwarf-with-dsym";
				ENABLE_NS_ASSERTIONS = NO;
				ENABLE_STRICT_OBJC_MSGSEND = YES;
				GCC_C_LANGUAGE_STANDARD = gnu11;
				GCC_NO_COMMON_BLOCKS = YES;
				GCC_WARN_64_TO_32_BIT_CONVERSION = YES;
				GCC_WARN_ABOUT_RETURN_TYPE = YES_ERROR;
				GCC_WARN_UNDECLARED_SELECTOR = YES;
				GCC_WARN_UNINITIALIZED_AUTOS = YES_AGGRESSIVE;
				GCC_WARN_UNUSED_FUNCTION = YES;
				GCC_WARN_UNUSED_VARIABLE = YES;
				IPHONEOS_DEPLOYMENT_TARGET = 13.0;
				MTL_ENABLE_DEBUG_INFO = NO;
				MTL_FAST_MATH = YES;
				SDKROOT = iphoneos;
				SWIFT_COMPILATION_MODE = wholemodule;
				SWIFT_OPTIMIZATION_LEVEL = "-O";
				VALIDATE_PRODUCT = YES;
			};
			name = Release;
		};
		8E5DE07622D5D6020081C3AC /* Debug */ = {
			isa = XCBuildConfiguration;
			buildSettings = {
				ASSETCATALOG_COMPILER_APPICON_NAME = AppIcon;
				CODE_SIGN_STYLE = Automatic;
				DEVELOPMENT_TEAM = AR3SZ3CYS4;
				INFOPLIST_FILE = CICDDemo/Info.plist;
				LD_RUNPATH_SEARCH_PATHS = (
					"$(inherited)",
					"@executable_path/Frameworks",
				);
				PRODUCT_BUNDLE_IDENTIFIER = com.silicus.CICDDemo;
				PRODUCT_NAME = "$(TARGET_NAME)";
				SWIFT_VERSION = 5.0;
				TARGETED_DEVICE_FAMILY = "1,2";
			};
			name = Debug;
		};
		8E5DE07722D5D6020081C3AC /* Release */ = {
			isa = XCBuildConfiguration;
			buildSettings = {
				ASSETCATALOG_COMPILER_APPICON_NAME = AppIcon;
				CODE_SIGN_STYLE = Automatic;
				DEVELOPMENT_TEAM = AR3SZ3CYS4;
				INFOPLIST_FILE = CICDDemo/Info.plist;
				LD_RUNPATH_SEARCH_PATHS = (
					"$(inherited)",
					"@executable_path/Frameworks",
				);
				PRODUCT_BUNDLE_IDENTIFIER = com.silicus.CICDDemo;
				PRODUCT_NAME = "$(TARGET_NAME)";
				SWIFT_VERSION = 5.0;
				TARGETED_DEVICE_FAMILY = "1,2";
			};
			name = Release;
		};
		8E5DE07922D5D6020081C3AC /* Debug */ = {
			isa = XCBuildConfiguration;
			buildSettings = {
				ALWAYS_EMBED_SWIFT_STANDARD_LIBRARIES = YES;
				BUNDLE_LOADER = "$(TEST_HOST)";
				CODE_SIGN_STYLE = Automatic;
				DEVELOPMENT_TEAM = AR3SZ3CYS4;
				INFOPLIST_FILE = CICDDemoTests/Info.plist;
				LD_RUNPATH_SEARCH_PATHS = (
					"$(inherited)",
					"@executable_path/Frameworks",
					"@loader_path/Frameworks",
				);
				PRODUCT_BUNDLE_IDENTIFIER = com.silicus.CICDDemoTests;
				PRODUCT_NAME = "$(TARGET_NAME)";
				SWIFT_VERSION = 5.0;
				TARGETED_DEVICE_FAMILY = "1,2";
				TEST_HOST = "$(BUILT_PRODUCTS_DIR)/CICDDemo.app/CICDDemo";
			};
			name = Debug;
		};
		8E5DE07A22D5D6020081C3AC /* Release */ = {
			isa = XCBuildConfiguration;
			buildSettings = {
				ALWAYS_EMBED_SWIFT_STANDARD_LIBRARIES = YES;
				BUNDLE_LOADER = "$(TEST_HOST)";
				CODE_SIGN_STYLE = Automatic;
				DEVELOPMENT_TEAM = AR3SZ3CYS4;
				INFOPLIST_FILE = CICDDemoTests/Info.plist;
				LD_RUNPATH_SEARCH_PATHS = (
					"$(inherited)",
					"@executable_path/Frameworks",
					"@loader_path/Frameworks",
				);
				PRODUCT_BUNDLE_IDENTIFIER = com.silicus.CICDDemoTests;
				PRODUCT_NAME = "$(TARGET_NAME)";
				SWIFT_VERSION = 5.0;
				TARGETED_DEVICE_FAMILY = "1,2";
				TEST_HOST = "$(BUILT_PRODUCTS_DIR)/CICDDemo.app/CICDDemo";
			};
			name = Release;
		};
		8E5DE07C22D5D6020081C3AC /* Debug */ = {
			isa = XCBuildConfiguration;
			buildSettings = {
				ALWAYS_EMBED_SWIFT_STANDARD_LIBRARIES = YES;
				CODE_SIGN_STYLE = Automatic;
				DEVELOPMENT_TEAM = AR3SZ3CYS4;
				INFOPLIST_FILE = CICDDemoUITests/Info.plist;
				LD_RUNPATH_SEARCH_PATHS = (
					"$(inherited)",
					"@executable_path/Frameworks",
					"@loader_path/Frameworks",
				);
				PRODUCT_BUNDLE_IDENTIFIER = com.silicus.CICDDemoUITests;
				PRODUCT_NAME = "$(TARGET_NAME)";
				SWIFT_VERSION = 5.0;
				TARGETED_DEVICE_FAMILY = "1,2";
				TEST_TARGET_NAME = CICDDemo;
			};
			name = Debug;
		};
		8E5DE07D22D5D6020081C3AC /* Release */ = {
			isa = XCBuildConfiguration;
			buildSettings = {
				ALWAYS_EMBED_SWIFT_STANDARD_LIBRARIES = YES;
				CODE_SIGN_STYLE = Automatic;
				DEVELOPMENT_TEAM = AR3SZ3CYS4;
				INFOPLIST_FILE = CICDDemoUITests/Info.plist;
				LD_RUNPATH_SEARCH_PATHS = (
					"$(inherited)",
					"@executable_path/Frameworks",
					"@loader_path/Frameworks",
				);
				PRODUCT_BUNDLE_IDENTIFIER = com.silicus.CICDDemoUITests;
				PRODUCT_NAME = "$(TARGET_NAME)";
				SWIFT_VERSION = 5.0;
				TARGETED_DEVICE_FAMILY = "1,2";
				TEST_TARGET_NAME = CICDDemo;
			};
			name = Release;
		};
/* End XCBuildConfiguration section */

/* Begin XCConfigurationList section */
		8E5DE04322D5D6000081C3AC /* Build configuration list for PBXProject "CICDDemo" */ = {
			isa = XCConfigurationList;
			buildConfigurations = (
				8E5DE07322D5D6020081C3AC /* Debug */,
				8E5DE07422D5D6020081C3AC /* Release */,
			);
			defaultConfigurationIsVisible = 0;
			defaultConfigurationName = Release;
		};
		8E5DE07522D5D6020081C3AC /* Build configuration list for PBXNativeTarget "CICDDemo" */ = {
			isa = XCConfigurationList;
			buildConfigurations = (
				8E5DE07622D5D6020081C3AC /* Debug */,
				8E5DE07722D5D6020081C3AC /* Release */,
			);
			defaultConfigurationIsVisible = 0;
			defaultConfigurationName = Release;
		};
		8E5DE07822D5D6020081C3AC /* Build configuration list for PBXNativeTarget "CICDDemoTests" */ = {
			isa = XCConfigurationList;
			buildConfigurations = (
				8E5DE07922D5D6020081C3AC /* Debug */,
				8E5DE07A22D5D6020081C3AC /* Release */,
			);
			defaultConfigurationIsVisible = 0;
			defaultConfigurationName = Release;
		};
		8E5DE07B22D5D6020081C3AC /* Build configuration list for PBXNativeTarget "CICDDemoUITests" */ = {
			isa = XCConfigurationList;
			buildConfigurations = (
				8E5DE07C22D5D6020081C3AC /* Debug */,
				8E5DE07D22D5D6020081C3AC /* Release */,
			);
			defaultConfigurationIsVisible = 0;
			defaultConfigurationName = Release;
		};
/* End XCConfigurationList section */

/* Begin XCVersionGroup section */
		8E5DE05422D5D6000081C3AC /* CICDDemo.xcdatamodeld */ = {
			isa = XCVersionGroup;
			children = (
				8E5DE05522D5D6000081C3AC /* CICDDemo.xcdatamodel */,
			);
			currentVersion = 8E5DE05522D5D6000081C3AC /* CICDDemo.xcdatamodel */;
			path = CICDDemo.xcdatamodeld;
			sourceTree = "<group>";
			versionGroupType = wrapper.xcdatamodel;
		};
/* End XCVersionGroup section */
	};
	rootObject = 8E5DE04022D5D6000081C3AC /* Project object */;
}
